// !$*UTF8*$!
{
	archiveVersion = 1;
	classes = {
	};
	objectVersion = 46;
	objects = {

/* Begin PBXBuildFile section */
		E6E9F9D01C86E92C006D4268 /* main.m in Sources */ = {isa = PBXBuildFile; fileRef = E6E9F9CF1C86E92C006D4268 /* main.m */; };
		E6E9F9D31C86E92C006D4268 /* AppDelegate.m in Sources */ = {isa = PBXBuildFile; fileRef = E6E9F9D21C86E92C006D4268 /* AppDelegate.m */; };
		E6E9F9D61C86E92C006D4268 /* ViewController.m in Sources */ = {isa = PBXBuildFile; fileRef = E6E9F9D51C86E92C006D4268 /* ViewController.m */; };
		E6E9F9D91C86E92C006D4268 /* Main.storyboard in Resources */ = {isa = PBXBuildFile; fileRef = E6E9F9D71C86E92C006D4268 /* Main.storyboard */; };
		E6E9F9E91C86E92C006D4268 /* ___Tests.m in Sources */ = {isa = PBXBuildFile; fileRef = E6E9F9E81C86E92C006D4268 /* ___Tests.m */; };
		E6E9F9F41C86E92C006D4268 /* ___UITests.m in Sources */ = {isa = PBXBuildFile; fileRef = E6E9F9F31C86E92C006D4268 /* ___UITests.m */; };
		E6E9FA021C86F2C7006D4268 /* Images.xcassets in Resources */ = {isa = PBXBuildFile; fileRef = E6E9FA011C86F2C7006D4268 /* Images.xcassets */; };
		E6E9FA151C872B61006D4268 /* au_gameover.wav in Resources */ = {isa = PBXBuildFile; fileRef = E6E9FA0A1C872B61006D4268 /* au_gameover.wav */; };
		E6E9FA161C872B61006D4268 /* au_victory.wav in Resources */ = {isa = PBXBuildFile; fileRef = E6E9FA0B1C872B61006D4268 /* au_victory.wav */; };
		E6E9FA171C872B61006D4268 /* BgMusic.mp3 in Resources */ = {isa = PBXBuildFile; fileRef = E6E9FA0C1C872B61006D4268 /* BgMusic.mp3 */; };
		E6E9FA181C872B61006D4268 /* check.wav in Resources */ = {isa = PBXBuildFile; fileRef = E6E9FA0D1C872B61006D4268 /* check.wav */; };
		E6E9FA191C872B61006D4268 /* down.wav in Resources */ = {isa = PBXBuildFile; fileRef = E6E9FA0E1C872B61006D4268 /* down.wav */; };
		E6E9FA1A1C872B61006D4268 /* lost.wav in Resources */ = {isa = PBXBuildFile; fileRef = E6E9FA0F1C872B61006D4268 /* lost.wav */; };
		E6E9FA1B1C872B61006D4268 /* marking.wav in Resources */ = {isa = PBXBuildFile; fileRef = E6E9FA101C872B61006D4268 /* marking.wav */; };
		E6E9FA1C1C872B61006D4268 /* mode.wav in Resources */ = {isa = PBXBuildFile; fileRef = E6E9FA111C872B61006D4268 /* mode.wav */; };
		E6E9FA1D1C872B61006D4268 /* pipa.mp3 in Resources */ = {isa = PBXBuildFile; fileRef = E6E9FA121C872B61006D4268 /* pipa.mp3 */; };
		E6E9FA1E1C872B61006D4268 /* start.wav in Resources */ = {isa = PBXBuildFile; fileRef = E6E9FA131C872B61006D4268 /* start.wav */; };
		E6E9FA1F1C872B61006D4268 /* win.wav in Resources */ = {isa = PBXBuildFile; fileRef = E6E9FA141C872B61006D4268 /* win.wav */; };
		E6E9FA221C872F04006D4268 /* GZHGomokuGameSencesViewController.m in Sources */ = {isa = PBXBuildFile; fileRef = E6E9FA211C872F04006D4268 /* GZHGomokuGameSencesViewController.m */; };
		E6E9FA271C872F5B006D4268 /* UIColor+setting.m in Sources */ = {isa = PBXBuildFile; fileRef = E6E9FA241C872F5B006D4268 /* UIColor+setting.m */; };
		E6E9FA281C872F5B006D4268 /* HBPlaySoundUtil.m in Sources */ = {isa = PBXBuildFile; fileRef = E6E9FA261C872F5B006D4268 /* HBPlaySoundUtil.m */; };
		E6E9FA2D1C872F65006D4268 /* GZHGomokuPieceView.m in Sources */ = {isa = PBXBuildFile; fileRef = E6E9FA2A1C872F65006D4268 /* GZHGomokuPieceView.m */; };
		E6E9FA2E1C872F65006D4268 /* GZHGomokuOverViewController.m in Sources */ = {isa = PBXBuildFile; fileRef = E6E9FA2C1C872F65006D4268 /* GZHGomokuOverViewController.m */; };
		E6E9FA411C872F83006D4268 /* GZHGomokuChessPoint.m in Sources */ = {isa = PBXBuildFile; fileRef = E6E9FA301C872F83006D4268 /* GZHGomokuChessPoint.m */; };
		E6E9FA421C872F83006D4268 /* GZHGomokuChessElement.m in Sources */ = {isa = PBXBuildFile; fileRef = E6E9FA321C872F83006D4268 /* GZHGomokuChessElement.m */; };
		E6E9FA431C872F83006D4268 /* GZHGomokuChessboard.m in Sources */ = {isa = PBXBuildFile; fileRef = E6E9FA341C872F83006D4268 /* GZHGomokuChessboard.m */; };
		E6E9FA441C872F83006D4268 /* GZHGomokuBaseStack.m in Sources */ = {isa = PBXBuildFile; fileRef = E6E9FA361C872F83006D4268 /* GZHGomokuBaseStack.m */; };
		E6E9FA451C872F83006D4268 /* GZHGomokuEnvisionStack.m in Sources */ = {isa = PBXBuildFile; fileRef = E6E9FA381C872F83006D4268 /* GZHGomokuEnvisionStack.m */; };
		E6E9FA461C872F83006D4268 /* GZHGomokuActualStack.m in Sources */ = {isa = PBXBuildFile; fileRef = E6E9FA3A1C872F83006D4268 /* GZHGomokuActualStack.m */; };
		E6E9FA471C872F83006D4268 /* GZHGomokuGameEngine.m in Sources */ = {isa = PBXBuildFile; fileRef = E6E9FA3C1C872F83006D4268 /* GZHGomokuGameEngine.m */; };
		E6E9FA481C872F83006D4268 /* GZHGomokuChessModelTemplate.m in Sources */ = {isa = PBXBuildFile; fileRef = E6E9FA3E1C872F83006D4268 /* GZHGomokuChessModelTemplate.m */; };
		E6E9FA491C872F83006D4268 /* GZHGomokuLinePoints.m in Sources */ = {isa = PBXBuildFile; fileRef = E6E9FA401C872F83006D4268 /* GZHGomokuLinePoints.m */; };
/* End PBXBuildFile section */

/* Begin PBXContainerItemProxy section */
		E6E9F9E51C86E92C006D4268 /* PBXContainerItemProxy */ = {
			isa = PBXContainerItemProxy;
			containerPortal = E6E9F9C31C86E92C006D4268 /* Project object */;
			proxyType = 1;
			remoteGlobalIDString = E6E9F9CA1C86E92C006D4268;
			remoteInfo = "五子棋";
		};
		E6E9F9F01C86E92C006D4268 /* PBXContainerItemProxy */ = {
			isa = PBXContainerItemProxy;
			containerPortal = E6E9F9C31C86E92C006D4268 /* Project object */;
			proxyType = 1;
			remoteGlobalIDString = E6E9F9CA1C86E92C006D4268;
			remoteInfo = "五子棋";
		};
/* End PBXContainerItemProxy section */

/* Begin PBXFileReference section */
		E6E9F9CB1C86E92C006D4268 /* 五子棋.app */ = {isa = PBXFileReference; explicitFileType = wrapper.application; includeInIndex = 0; path = "五子棋.app"; sourceTree = BUILT_PRODUCTS_DIR; };
		E6E9F9CF1C86E92C006D4268 /* main.m */ = {isa = PBXFileReference; lastKnownFileType = sourcecode.c.objc; path = main.m; sourceTree = "<group>"; };
		E6E9F9D11C86E92C006D4268 /* AppDelegate.h */ = {isa = PBXFileReference; lastKnownFileType = sourcecode.c.h; path = AppDelegate.h; sourceTree = "<group>"; };
		E6E9F9D21C86E92C006D4268 /* AppDelegate.m */ = {isa = PBXFileReference; lastKnownFileType = sourcecode.c.objc; path = AppDelegate.m; sourceTree = "<group>"; };
		E6E9F9D41C86E92C006D4268 /* ViewController.h */ = {isa = PBXFileReference; lastKnownFileType = sourcecode.c.h; path = ViewController.h; sourceTree = "<group>"; };
		E6E9F9D51C86E92C006D4268 /* ViewController.m */ = {isa = PBXFileReference; lastKnownFileType = sourcecode.c.objc; path = ViewController.m; sourceTree = "<group>"; };
		E6E9F9D81C86E92C006D4268 /* Base */ = {isa = PBXFileReference; lastKnownFileType = file.storyboard; name = Base; path = Base.lproj/Main.storyboard; sourceTree = "<group>"; };
		E6E9F9DF1C86E92C006D4268 /* Info.plist */ = {isa = PBXFileReference; lastKnownFileType = text.plist.xml; path = Info.plist; sourceTree = "<group>"; };
		E6E9F9E41C86E92C006D4268 /* 五子棋Tests.xctest */ = {isa = PBXFileReference; explicitFileType = wrapper.cfbundle; includeInIndex = 0; path = "五子棋Tests.xctest"; sourceTree = BUILT_PRODUCTS_DIR; };
		E6E9F9E81C86E92C006D4268 /* ___Tests.m */ = {isa = PBXFileReference; lastKnownFileType = sourcecode.c.objc; path = "___Tests.m"; sourceTree = "<group>"; };
		E6E9F9EA1C86E92C006D4268 /* Info.plist */ = {isa = PBXFileReference; lastKnownFileType = text.plist.xml; path = Info.plist; sourceTree = "<group>"; };
		E6E9F9EF1C86E92C006D4268 /* 五子棋UITests.xctest */ = {isa = PBXFileReference; explicitFileType = wrapper.cfbundle; includeInIndex = 0; path = "五子棋UITests.xctest"; sourceTree = BUILT_PRODUCTS_DIR; };
		E6E9F9F31C86E92C006D4268 /* ___UITests.m */ = {isa = PBXFileReference; lastKnownFileType = sourcecode.c.objc; path = "___UITests.m"; sourceTree = "<group>"; };
		E6E9F9F51C86E92C006D4268 /* Info.plist */ = {isa = PBXFileReference; lastKnownFileType = text.plist.xml; path = Info.plist; sourceTree = "<group>"; };
		E6E9FA011C86F2C7006D4268 /* Images.xcassets */ = {isa = PBXFileReference; lastKnownFileType = folder.assetcatalog; path = Images.xcassets; sourceTree = "<group>"; };
		E6E9FA0A1C872B61006D4268 /* au_gameover.wav */ = {isa = PBXFileReference; lastKnownFileType = audio.wav; path = au_gameover.wav; sourceTree = "<group>"; };
		E6E9FA0B1C872B61006D4268 /* au_victory.wav */ = {isa = PBXFileReference; lastKnownFileType = audio.wav; path = au_victory.wav; sourceTree = "<group>"; };
		E6E9FA0C1C872B61006D4268 /* BgMusic.mp3 */ = {isa = PBXFileReference; lastKnownFileType = audio.mp3; path = BgMusic.mp3; sourceTree = "<group>"; };
		E6E9FA0D1C872B61006D4268 /* check.wav */ = {isa = PBXFileReference; lastKnownFileType = audio.wav; path = check.wav; sourceTree = "<group>"; };
		E6E9FA0E1C872B61006D4268 /* down.wav */ = {isa = PBXFileReference; lastKnownFileType = audio.wav; path = down.wav; sourceTree = "<group>"; };
		E6E9FA0F1C872B61006D4268 /* lost.wav */ = {isa = PBXFileReference; lastKnownFileType = audio.wav; path = lost.wav; sourceTree = "<group>"; };
		E6E9FA101C872B61006D4268 /* marking.wav */ = {isa = PBXFileReference; lastKnownFileType = audio.wav; path = marking.wav; sourceTree = "<group>"; };
		E6E9FA111C872B61006D4268 /* mode.wav */ = {isa = PBXFileReference; lastKnownFileType = audio.wav; path = mode.wav; sourceTree = "<group>"; };
		E6E9FA121C872B61006D4268 /* pipa.mp3 */ = {isa = PBXFileReference; lastKnownFileType = audio.mp3; path = pipa.mp3; sourceTree = "<group>"; };
		E6E9FA131C872B61006D4268 /* start.wav */ = {isa = PBXFileReference; lastKnownFileType = audio.wav; path = start.wav; sourceTree = "<group>"; };
		E6E9FA141C872B61006D4268 /* win.wav */ = {isa = PBXFileReference; lastKnownFileType = audio.wav; path = win.wav; sourceTree = "<group>"; };
		E6E9FA201C872F04006D4268 /* GZHGomokuGameSencesViewController.h */ = {isa = PBXFileReference; fileEncoding = 4; lastKnownFileType = sourcecode.c.h; path = GZHGomokuGameSencesViewController.h; sourceTree = "<group>"; };
		E6E9FA211C872F04006D4268 /* GZHGomokuGameSencesViewController.m */ = {isa = PBXFileReference; fileEncoding = 4; lastKnownFileType = sourcecode.c.objc; path = GZHGomokuGameSencesViewController.m; sourceTree = "<group>"; };
		E6E9FA231C872F5B006D4268 /* UIColor+setting.h */ = {isa = PBXFileReference; fileEncoding = 4; lastKnownFileType = sourcecode.c.h; path = "UIColor+setting.h"; sourceTree = "<group>"; };
		E6E9FA241C872F5B006D4268 /* UIColor+setting.m */ = {isa = PBXFileReference; fileEncoding = 4; lastKnownFileType = sourcecode.c.objc; path = "UIColor+setting.m"; sourceTree = "<group>"; };
		E6E9FA251C872F5B006D4268 /* HBPlaySoundUtil.h */ = {isa = PBXFileReference; fileEncoding = 4; lastKnownFileType = sourcecode.c.h; path = HBPlaySoundUtil.h; sourceTree = "<group>"; };
		E6E9FA261C872F5B006D4268 /* HBPlaySoundUtil.m */ = {isa = PBXFileReference; fileEncoding = 4; lastKnownFileType = sourcecode.c.objc; path = HBPlaySoundUtil.m; sourceTree = "<group>"; };
		E6E9FA291C872F65006D4268 /* GZHGomokuPieceView.h */ = {isa = PBXFileReference; fileEncoding = 4; lastKnownFileType = sourcecode.c.h; path = GZHGomokuPieceView.h; sourceTree = "<group>"; };
		E6E9FA2A1C872F65006D4268 /* GZHGomokuPieceView.m */ = {isa = PBXFileReference; fileEncoding = 4; lastKnownFileType = sourcecode.c.objc; path = GZHGomokuPieceView.m; sourceTree = "<group>"; };
		E6E9FA2B1C872F65006D4268 /* GZHGomokuOverViewController.h */ = {isa = PBXFileReference; fileEncoding = 4; lastKnownFileType = sourcecode.c.h; path = GZHGomokuOverViewController.h; sourceTree = "<group>"; };
		E6E9FA2C1C872F65006D4268 /* GZHGomokuOverViewController.m */ = {isa = PBXFileReference; fileEncoding = 4; lastKnownFileType = sourcecode.c.objc; path = GZHGomokuOverViewController.m; sourceTree = "<group>"; };
		E6E9FA2F1C872F83006D4268 /* GZHGomokuChessPoint.h */ = {isa = PBXFileReference; fileEncoding = 4; lastKnownFileType = sourcecode.c.h; path = GZHGomokuChessPoint.h; sourceTree = "<group>"; };
		E6E9FA301C872F83006D4268 /* GZHGomokuChessPoint.m */ = {isa = PBXFileReference; fileEncoding = 4; lastKnownFileType = sourcecode.c.objc; path = GZHGomokuChessPoint.m; sourceTree = "<group>"; };
		E6E9FA311C872F83006D4268 /* GZHGomokuChessElement.h */ = {isa = PBXFileReference; fileEncoding = 4; lastKnownFileType = sourcecode.c.h; path = GZHGomokuChessElement.h; sourceTree = "<group>"; };
		E6E9FA321C872F83006D4268 /* GZHGomokuChessElement.m */ = {isa = PBXFileReference; fileEncoding = 4; lastKnownFileType = sourcecode.c.objc; path = GZHGomokuChessElement.m; sourceTree = "<group>"; };
		E6E9FA331C872F83006D4268 /* GZHGomokuChessboard.h */ = {isa = PBXFileReference; fileEncoding = 4; lastKnownFileType = sourcecode.c.h; path = GZHGomokuChessboard.h; sourceTree = "<group>"; };
		E6E9FA341C872F83006D4268 /* GZHGomokuChessboard.m */ = {isa = PBXFileReference; fileEncoding = 4; lastKnownFileType = sourcecode.c.objc; path = GZHGomokuChessboard.m; sourceTree = "<group>"; };
		E6E9FA351C872F83006D4268 /* GZHGomokuBaseStack.h */ = {isa = PBXFileReference; fileEncoding = 4; lastKnownFileType = sourcecode.c.h; path = GZHGomokuBaseStack.h; sourceTree = "<group>"; };
		E6E9FA361C872F83006D4268 /* GZHGomokuBaseStack.m */ = {isa = PBXFileReference; fileEncoding = 4; lastKnownFileType = sourcecode.c.objc; path = GZHGomokuBaseStack.m; sourceTree = "<group>"; };
		E6E9FA371C872F83006D4268 /* GZHGomokuEnvisionStack.h */ = {isa = PBXFileReference; fileEncoding = 4; lastKnownFileType = sourcecode.c.h; path = GZHGomokuEnvisionStack.h; sourceTree = "<group>"; };
		E6E9FA381C872F83006D4268 /* GZHGomokuEnvisionStack.m */ = {isa = PBXFileReference; fileEncoding = 4; lastKnownFileType = sourcecode.c.objc; path = GZHGomokuEnvisionStack.m; sourceTree = "<group>"; };
		E6E9FA391C872F83006D4268 /* GZHGomokuActualStack.h */ = {isa = PBXFileReference; fileEncoding = 4; lastKnownFileType = sourcecode.c.h; path = GZHGomokuActualStack.h; sourceTree = "<group>"; };
		E6E9FA3A1C872F83006D4268 /* GZHGomokuActualStack.m */ = {isa = PBXFileReference; fileEncoding = 4; lastKnownFileType = sourcecode.c.objc; path = GZHGomokuActualStack.m; sourceTree = "<group>"; };
		E6E9FA3B1C872F83006D4268 /* GZHGomokuGameEngine.h */ = {isa = PBXFileReference; fileEncoding = 4; lastKnownFileType = sourcecode.c.h; path = GZHGomokuGameEngine.h; sourceTree = "<group>"; };
		E6E9FA3C1C872F83006D4268 /* GZHGomokuGameEngine.m */ = {isa = PBXFileReference; fileEncoding = 4; lastKnownFileType = sourcecode.c.objc; path = GZHGomokuGameEngine.m; sourceTree = "<group>"; };
		E6E9FA3D1C872F83006D4268 /* GZHGomokuChessModelTemplate.h */ = {isa = PBXFileReference; fileEncoding = 4; lastKnownFileType = sourcecode.c.h; path = GZHGomokuChessModelTemplate.h; sourceTree = "<group>"; };
		E6E9FA3E1C872F83006D4268 /* GZHGomokuChessModelTemplate.m */ = {isa = PBXFileReference; fileEncoding = 4; lastKnownFileType = sourcecode.c.objc; path = GZHGomokuChessModelTemplate.m; sourceTree = "<group>"; };
		E6E9FA3F1C872F83006D4268 /* GZHGomokuLinePoints.h */ = {isa = PBXFileReference; fileEncoding = 4; lastKnownFileType = sourcecode.c.h; path = GZHGomokuLinePoints.h; sourceTree = "<group>"; };
		E6E9FA401C872F83006D4268 /* GZHGomokuLinePoints.m */ = {isa = PBXFileReference; fileEncoding = 4; lastKnownFileType = sourcecode.c.objc; path = GZHGomokuLinePoints.m; sourceTree = "<group>"; };
/* End PBXFileReference section */

/* Begin PBXFrameworksBuildPhase section */
		E6E9F9C81C86E92C006D4268 /* Frameworks */ = {
			isa = PBXFrameworksBuildPhase;
			buildActionMask = 2147483647;
			files = (
			);
			runOnlyForDeploymentPostprocessing = 0;
		};
		E6E9F9E11C86E92C006D4268 /* Frameworks */ = {
			isa = PBXFrameworksBuildPhase;
			buildActionMask = 2147483647;
			files = (
			);
			runOnlyForDeploymentPostprocessing = 0;
		};
		E6E9F9EC1C86E92C006D4268 /* Frameworks */ = {
			isa = PBXFrameworksBuildPhase;
			buildActionMask = 2147483647;
			files = (
			);
			runOnlyForDeploymentPostprocessing = 0;
		};
/* End PBXFrameworksBuildPhase section */

/* Begin PBXGroup section */
		E6E9F9C21C86E92C006D4268 = {
			isa = PBXGroup;
			children = (
				E6E9F9CD1C86E92C006D4268 /* 五子棋 */,
				E6E9F9E71C86E92C006D4268 /* 五子棋Tests */,
				E6E9F9F21C86E92C006D4268 /* 五子棋UITests */,
				E6E9F9CC1C86E92C006D4268 /* Products */,
			);
			sourceTree = "<group>";
		};
		E6E9F9CC1C86E92C006D4268 /* Products */ = {
			isa = PBXGroup;
			children = (
				E6E9F9CB1C86E92C006D4268 /* 五子棋.app */,
				E6E9F9E41C86E92C006D4268 /* 五子棋Tests.xctest */,
				E6E9F9EF1C86E92C006D4268 /* 五子棋UITests.xctest */,
			);
			name = Products;
			sourceTree = "<group>";
		};
		E6E9F9CD1C86E92C006D4268 /* 五子棋 */ = {
			isa = PBXGroup;
			children = (
				E6E9FA2F1C872F83006D4268 /* GZHGomokuChessPoint.h */,
				E6E9FA301C872F83006D4268 /* GZHGomokuChessPoint.m */,
				E6E9FA311C872F83006D4268 /* GZHGomokuChessElement.h */,
				E6E9FA321C872F83006D4268 /* GZHGomokuChessElement.m */,
				E6E9FA331C872F83006D4268 /* GZHGomokuChessboard.h */,
				E6E9FA341C872F83006D4268 /* GZHGomokuChessboard.m */,
				E6E9FA351C872F83006D4268 /* GZHGomokuBaseStack.h */,
				E6E9FA361C872F83006D4268 /* GZHGomokuBaseStack.m */,
				E6E9FA371C872F83006D4268 /* GZHGomokuEnvisionStack.h */,
				E6E9FA381C872F83006D4268 /* GZHGomokuEnvisionStack.m */,
				E6E9FA391C872F83006D4268 /* GZHGomokuActualStack.h */,
				E6E9FA3A1C872F83006D4268 /* GZHGomokuActualStack.m */,
				E6E9FA3B1C872F83006D4268 /* GZHGomokuGameEngine.h */,
				E6E9FA3C1C872F83006D4268 /* GZHGomokuGameEngine.m */,
				E6E9FA3D1C872F83006D4268 /* GZHGomokuChessModelTemplate.h */,
				E6E9FA3E1C872F83006D4268 /* GZHGomokuChessModelTemplate.m */,
				E6E9FA3F1C872F83006D4268 /* GZHGomokuLinePoints.h */,
				E6E9FA401C872F83006D4268 /* GZHGomokuLinePoints.m */,
				E6E9FA291C872F65006D4268 /* GZHGomokuPieceView.h */,
				E6E9FA2A1C872F65006D4268 /* GZHGomokuPieceView.m */,
				E6E9FA2B1C872F65006D4268 /* GZHGomokuOverViewController.h */,
				E6E9FA2C1C872F65006D4268 /* GZHGomokuOverViewController.m */,
				E6E9FA231C872F5B006D4268 /* UIColor+setting.h */,
				E6E9FA241C872F5B006D4268 /* UIColor+setting.m */,
				E6E9FA251C872F5B006D4268 /* HBPlaySoundUtil.h */,
				E6E9FA261C872F5B006D4268 /* HBPlaySoundUtil.m */,
				E6E9FA201C872F04006D4268 /* GZHGomokuGameSencesViewController.h */,
				E6E9FA211C872F04006D4268 /* GZHGomokuGameSencesViewController.m */,
				E6E9F9D11C86E92C006D4268 /* AppDelegate.h */,
				E6E9F9D21C86E92C006D4268 /* AppDelegate.m */,
				E6E9F9D41C86E92C006D4268 /* ViewController.h */,
				E6E9F9D51C86E92C006D4268 /* ViewController.m */,
				E6E9F9D71C86E92C006D4268 /* Main.storyboard */,
				E6E9F9DF1C86E92C006D4268 /* Info.plist */,
				E6E9FA011C86F2C7006D4268 /* Images.xcassets */,
				E6E9FA091C872B61006D4268 /* sound */,
				E6E9F9CE1C86E92C006D4268 /* Supporting Files */,
			);
			path = "五子棋";
			sourceTree = "<group>";
		};
		E6E9F9CE1C86E92C006D4268 /* Supporting Files */ = {
			isa = PBXGroup;
			children = (
				E6E9F9CF1C86E92C006D4268 /* main.m */,
			);
			name = "Supporting Files";
			sourceTree = "<group>";
		};
		E6E9F9E71C86E92C006D4268 /* 五子棋Tests */ = {
			isa = PBXGroup;
			children = (
				E6E9F9E81C86E92C006D4268 /* ___Tests.m */,
				E6E9F9EA1C86E92C006D4268 /* Info.plist */,
			);
			path = "五子棋Tests";
			sourceTree = "<group>";
		};
		E6E9F9F21C86E92C006D4268 /* 五子棋UITests */ = {
			isa = PBXGroup;
			children = (
				E6E9F9F31C86E92C006D4268 /* ___UITests.m */,
				E6E9F9F51C86E92C006D4268 /* Info.plist */,
			);
			path = "五子棋UITests";
			sourceTree = "<group>";
		};
		E6E9FA091C872B61006D4268 /* sound */ = {
			isa = PBXGroup;
			children = (
				E6E9FA0A1C872B61006D4268 /* au_gameover.wav */,
				E6E9FA0B1C872B61006D4268 /* au_victory.wav */,
				E6E9FA0C1C872B61006D4268 /* BgMusic.mp3 */,
				E6E9FA0D1C872B61006D4268 /* check.wav */,
				E6E9FA0E1C872B61006D4268 /* down.wav */,
				E6E9FA0F1C872B61006D4268 /* lost.wav */,
				E6E9FA101C872B61006D4268 /* marking.wav */,
				E6E9FA111C872B61006D4268 /* mode.wav */,
				E6E9FA121C872B61006D4268 /* pipa.mp3 */,
				E6E9FA131C872B61006D4268 /* start.wav */,
				E6E9FA141C872B61006D4268 /* win.wav */,
			);
			path = sound;
			sourceTree = "<group>";
		};
/* End PBXGroup section */

/* Begin PBXNativeTarget section */
		E6E9F9CA1C86E92C006D4268 /* 五子棋 */ = {
			isa = PBXNativeTarget;
			buildConfigurationList = E6E9F9F81C86E92C006D4268 /* Build configuration list for PBXNativeTarget "五子棋" */;
			buildPhases = (
				E6E9F9C71C86E92C006D4268 /* Sources */,
				E6E9F9C81C86E92C006D4268 /* Frameworks */,
				E6E9F9C91C86E92C006D4268 /* Resources */,
			);
			buildRules = (
			);
			dependencies = (
			);
			name = "五子棋";
			productName = "五子棋";
			productReference = E6E9F9CB1C86E92C006D4268 /* 五子棋.app */;
			productType = "com.apple.product-type.application";
		};
		E6E9F9E31C86E92C006D4268 /* 五子棋Tests */ = {
			isa = PBXNativeTarget;
			buildConfigurationList = E6E9F9FB1C86E92C006D4268 /* Build configuration list for PBXNativeTarget "五子棋Tests" */;
			buildPhases = (
				E6E9F9E01C86E92C006D4268 /* Sources */,
				E6E9F9E11C86E92C006D4268 /* Frameworks */,
				E6E9F9E21C86E92C006D4268 /* Resources */,
			);
			buildRules = (
			);
			dependencies = (
				E6E9F9E61C86E92C006D4268 /* PBXTargetDependency */,
			);
			name = "五子棋Tests";
			productName = "五子棋Tests";
			productReference = E6E9F9E41C86E92C006D4268 /* 五子棋Tests.xctest */;
			productType = "com.apple.product-type.bundle.unit-test";
		};
		E6E9F9EE1C86E92C006D4268 /* 五子棋UITests */ = {
			isa = PBXNativeTarget;
			buildConfigurationList = E6E9F9FE1C86E92C006D4268 /* Build configuration list for PBXNativeTarget "五子棋UITests" */;
			buildPhases = (
				E6E9F9EB1C86E92C006D4268 /* Sources */,
				E6E9F9EC1C86E92C006D4268 /* Frameworks */,
				E6E9F9ED1C86E92C006D4268 /* Resources */,
			);
			buildRules = (
			);
			dependencies = (
				E6E9F9F11C86E92C006D4268 /* PBXTargetDependency */,
			);
			name = "五子棋UITests";
			productName = "五子棋UITests";
			productReference = E6E9F9EF1C86E92C006D4268 /* 五子棋UITests.xctest */;
			productType = "com.apple.product-type.bundle.ui-testing";
		};
/* End PBXNativeTarget section */

/* Begin PBXProject section */
		E6E9F9C31C86E92C006D4268 /* Project object */ = {
			isa = PBXProject;
			attributes = {
				LastUpgradeCheck = 0720;
				ORGANIZATIONNAME = "高增洪";
				TargetAttributes = {
					E6E9F9CA1C86E92C006D4268 = {
						CreatedOnToolsVersion = 7.2.1;
					};
					E6E9F9E31C86E92C006D4268 = {
						CreatedOnToolsVersion = 7.2.1;
						TestTargetID = E6E9F9CA1C86E92C006D4268;
					};
					E6E9F9EE1C86E92C006D4268 = {
						CreatedOnToolsVersion = 7.2.1;
						TestTargetID = E6E9F9CA1C86E92C006D4268;
					};
				};
			};
			buildConfigurationList = E6E9F9C61C86E92C006D4268 /* Build configuration list for PBXProject "五子棋" */;
			compatibilityVersion = "Xcode 3.2";
			developmentRegion = English;
			hasScannedForEncodings = 0;
			knownRegions = (
				en,
				Base,
			);
			mainGroup = E6E9F9C21C86E92C006D4268;
			productRefGroup = E6E9F9CC1C86E92C006D4268 /* Products */;
			projectDirPath = "";
			projectRoot = "";
			targets = (
				E6E9F9CA1C86E92C006D4268 /* 五子棋 */,
				E6E9F9E31C86E92C006D4268 /* 五子棋Tests */,
				E6E9F9EE1C86E92C006D4268 /* 五子棋UITests */,
			);
		};
/* End PBXProject section */

/* Begin PBXResourcesBuildPhase section */
		E6E9F9C91C86E92C006D4268 /* Resources */ = {
			isa = PBXResourcesBuildPhase;
			buildActionMask = 2147483647;
			files = (
				E6E9FA021C86F2C7006D4268 /* Images.xcassets in Resources */,
				E6E9F9D91C86E92C006D4268 /* Main.storyboard in Resources */,
				E6E9FA151C872B61006D4268 /* au_gameover.wav in Resources */,
				E6E9FA181C872B61006D4268 /* check.wav in Resources */,
				E6E9FA1B1C872B61006D4268 /* marking.wav in Resources */,
				E6E9FA1F1C872B61006D4268 /* win.wav in Resources */,
				E6E9FA1C1C872B61006D4268 /* mode.wav in Resources */,
				E6E9FA1D1C872B61006D4268 /* pipa.mp3 in Resources */,
				E6E9FA1E1C872B61006D4268 /* start.wav in Resources */,
				E6E9FA191C872B61006D4268 /* down.wav in Resources */,
				E6E9FA171C872B61006D4268 /* BgMusic.mp3 in Resources */,
				E6E9FA1A1C872B61006D4268 /* lost.wav in Resources */,
				E6E9FA161C872B61006D4268 /* au_victory.wav in Resources */,
			);
			runOnlyForDeploymentPostprocessing = 0;
		};
		E6E9F9E21C86E92C006D4268 /* Resources */ = {
			isa = PBXResourcesBuildPhase;
			buildActionMask = 2147483647;
			files = (
			);
			runOnlyForDeploymentPostprocessing = 0;
		};
		E6E9F9ED1C86E92C006D4268 /* Resources */ = {
			isa = PBXResourcesBuildPhase;
			buildActionMask = 2147483647;
			files = (
			);
			runOnlyForDeploymentPostprocessing = 0;
		};
/* End PBXResourcesBuildPhase section */

/* Begin PBXSourcesBuildPhase section */
		E6E9F9C71C86E92C006D4268 /* Sources */ = {
			isa = PBXSourcesBuildPhase;
			buildActionMask = 2147483647;
			files = (
				E6E9FA451C872F83006D4268 /* GZHGomokuEnvisionStack.m in Sources */,
				E6E9FA411C872F83006D4268 /* GZHGomokuChessPoint.m in Sources */,
				E6E9FA491C872F83006D4268 /* GZHGomokuLinePoints.m in Sources */,
				E6E9FA431C872F83006D4268 /* GZHGomokuChessboard.m in Sources */,
				E6E9FA461C872F83006D4268 /* GZHGomokuActualStack.m in Sources */,
				E6E9FA221C872F04006D4268 /* GZHGomokuGameSencesViewController.m in Sources */,
				E6E9FA471C872F83006D4268 /* GZHGomokuGameEngine.m in Sources */,
				E6E9FA281C872F5B006D4268 /* HBPlaySoundUtil.m in Sources */,
				E6E9FA441C872F83006D4268 /* GZHGomokuBaseStack.m in Sources */,
				E6E9FA2D1C872F65006D4268 /* GZHGomokuPieceView.m in Sources */,
				E6E9FA421C872F83006D4268 /* GZHGomokuChessElement.m in Sources */,
				E6E9F9D61C86E92C006D4268 /* ViewController.m in Sources */,
				E6E9F9D31C86E92C006D4268 /* AppDelegate.m in Sources */,
				E6E9FA271C872F5B006D4268 /* UIColor+setting.m in Sources */,
				E6E9F9D01C86E92C006D4268 /* main.m in Sources */,
				E6E9FA2E1C872F65006D4268 /* GZHGomokuOverViewController.m in Sources */,
				E6E9FA481C872F83006D4268 /* GZHGomokuChessModelTemplate.m in Sources */,
			);
			runOnlyForDeploymentPostprocessing = 0;
		};
		E6E9F9E01C86E92C006D4268 /* Sources */ = {
			isa = PBXSourcesBuildPhase;
			buildActionMask = 2147483647;
			files = (
				E6E9F9E91C86E92C006D4268 /* ___Tests.m in Sources */,
			);
			runOnlyForDeploymentPostprocessing = 0;
		};
		E6E9F9EB1C86E92C006D4268 /* Sources */ = {
			isa = PBXSourcesBuildPhase;
			buildActionMask = 2147483647;
			files = (
				E6E9F9F41C86E92C006D4268 /* ___UITests.m in Sources */,
			);
			runOnlyForDeploymentPostprocessing = 0;
		};
/* End PBXSourcesBuildPhase section */

/* Begin PBXTargetDependency section */
		E6E9F9E61C86E92C006D4268 /* PBXTargetDependency */ = {
			isa = PBXTargetDependency;
			target = E6E9F9CA1C86E92C006D4268 /* 五子棋 */;
			targetProxy = E6E9F9E51C86E92C006D4268 /* PBXContainerItemProxy */;
		};
		E6E9F9F11C86E92C006D4268 /* PBXTargetDependency */ = {
			isa = PBXTargetDependency;
			target = E6E9F9CA1C86E92C006D4268 /* 五子棋 */;
			targetProxy = E6E9F9F01C86E92C006D4268 /* PBXContainerItemProxy */;
		};
/* End PBXTargetDependency section */

/* Begin PBXVariantGroup section */
		E6E9F9D71C86E92C006D4268 /* Main.storyboard */ = {
			isa = PBXVariantGroup;
			children = (
				E6E9F9D81C86E92C006D4268 /* Base */,
			);
			name = Main.storyboard;
			sourceTree = "<group>";
		};
/* End PBXVariantGroup section */

/* Begin XCBuildConfiguration section */
		E6E9F9F61C86E92C006D4268 /* Debug */ = {
			isa = XCBuildConfiguration;
			buildSettings = {
				ALWAYS_SEARCH_USER_PATHS = NO;
				CLANG_CXX_LANGUAGE_STANDARD = "gnu++0x";
				CLANG_CXX_LIBRARY = "libc++";
				CLANG_ENABLE_MODULES = YES;
				CLANG_ENABLE_OBJC_ARC = YES;
				CLANG_WARN_BOOL_CONVERSION = YES;
				CLANG_WARN_CONSTANT_CONVERSION = YES;
				CLANG_WARN_DIRECT_OBJC_ISA_USAGE = YES_ERROR;
				CLANG_WARN_EMPTY_BODY = YES;
				CLANG_WARN_ENUM_CONVERSION = YES;
				CLANG_WARN_INT_CONVERSION = YES;
				CLANG_WARN_OBJC_ROOT_CLASS = YES_ERROR;
				CLANG_WARN_UNREACHABLE_CODE = YES;
				CLANG_WARN__DUPLICATE_METHOD_MATCH = YES;
				"CODE_SIGN_IDENTITY[sdk=iphoneos*]" = "iPhone Developer";
				COPY_PHASE_STRIP = NO;
				DEBUG_INFORMATION_FORMAT = dwarf;
				ENABLE_STRICT_OBJC_MSGSEND = YES;
				ENABLE_TESTABILITY = YES;
				GCC_C_LANGUAGE_STANDARD = gnu99;
				GCC_DYNAMIC_NO_PIC = NO;
				GCC_NO_COMMON_BLOCKS = YES;
				GCC_OPTIMIZATION_LEVEL = 0;
				GCC_PREPROCESSOR_DEFINITIONS = (
					"DEBUG=1",
					"$(inherited)",
				);
				GCC_WARN_64_TO_32_BIT_CONVERSION = YES;
				GCC_WARN_ABOUT_RETURN_TYPE = YES_ERROR;
				GCC_WARN_UNDECLARED_SELECTOR = YES;
				GCC_WARN_UNINITIALIZED_AUTOS = YES_AGGRESSIVE;
				GCC_WARN_UNUSED_FUNCTION = YES;
				GCC_WARN_UNUSED_VARIABLE = YES;
				IPHONEOS_DEPLOYMENT_TARGET = 9.2;
				MTL_ENABLE_DEBUG_INFO = YES;
				ONLY_ACTIVE_ARCH = YES;
				SDKROOT = iphoneos;
				TARGETED_DEVICE_FAMILY = "1,2";
			};
			name = Debug;
		};
		E6E9F9F71C86E92C006D4268 /* Release */ = {
			isa = XCBuildConfiguration;
			buildSettings = {
				ALWAYS_SEARCH_USER_PATHS = NO;
				CLANG_CXX_LANGUAGE_STANDARD = "gnu++0x";
				CLANG_CXX_LIBRARY = "libc++";
				CLANG_ENABLE_MODULES = YES;
				CLANG_ENABLE_OBJC_ARC = YES;
				CLANG_WARN_BOOL_CONVERSION = YES;
				CLANG_WARN_CONSTANT_CONVERSION = YES;
				CLANG_WARN_DIRECT_OBJC_ISA_USAGE = YES_ERROR;
				CLANG_WARN_EMPTY_BODY = YES;
				CLANG_WARN_ENUM_CONVERSION = YES;
				CLANG_WARN_INT_CONVERSION = YES;
				CLANG_WARN_OBJC_ROOT_CLASS = YES_ERROR;
				CLANG_WARN_UNREACHABLE_CODE = YES;
				CLANG_WARN__DUPLICATE_METHOD_MATCH = YES;
				"CODE_SIGN_IDENTITY[sdk=iphoneos*]" = "iPhone Developer";
				COPY_PHASE_STRIP = NO;
				DEBUG_INFORMATION_FORMAT = "dwarf-with-dsym";
				ENABLE_NS_ASSERTIONS = NO;
				ENABLE_STRICT_OBJC_MSGSEND = YES;
				GCC_C_LANGUAGE_STANDARD = gnu99;
				GCC_NO_COMMON_BLOCKS = YES;
				GCC_WARN_64_TO_32_BIT_CONVERSION = YES;
				GCC_WARN_ABOUT_RETURN_TYPE = YES_ERROR;
				GCC_WARN_UNDECLARED_SELECTOR = YES;
				GCC_WARN_UNINITIALIZED_AUTOS = YES_AGGRESSIVE;
				GCC_WARN_UNUSED_FUNCTION = YES;
				GCC_WARN_UNUSED_VARIABLE = YES;
				IPHONEOS_DEPLOYMENT_TARGET = 9.2;
				MTL_ENABLE_DEBUG_INFO = NO;
				SDKROOT = iphoneos;
				TARGETED_DEVICE_FAMILY = "1,2";
				VALIDATE_PRODUCT = YES;
			};
			name = Release;
		};
		E6E9F9F91C86E92C006D4268 /* Debug */ = {
			isa = XCBuildConfiguration;
			buildSettings = {
				ASSETCATALOG_COMPILER_APPICON_NAME = AppIcon;
				ASSETCATALOG_COMPILER_LAUNCHIMAGE_NAME = LaunchImage;
				INFOPLIST_FILE = "五子棋/Info.plist";
				LD_RUNPATH_SEARCH_PATHS = "$(inherited) @executable_path/Frameworks";
				PRODUCT_BUNDLE_IDENTIFIER = "CD.---";
				PRODUCT_NAME = "$(TARGET_NAME)";
			};
			name = Debug;
		};
		E6E9F9FA1C86E92C006D4268 /* Release */ = {
			isa = XCBuildConfiguration;
			buildSettings = {
				ASSETCATALOG_COMPILER_APPICON_NAME = AppIcon;
				ASSETCATALOG_COMPILER_LAUNCHIMAGE_NAME = LaunchImage;
				INFOPLIST_FILE = "五子棋/Info.plist";
				LD_RUNPATH_SEARCH_PATHS = "$(inherited) @executable_path/Frameworks";
				PRODUCT_BUNDLE_IDENTIFIER = "CD.---";
				PRODUCT_NAME = "$(TARGET_NAME)";
			};
			name = Release;
		};
		E6E9F9FC1C86E92C006D4268 /* Debug */ = {
			isa = XCBuildConfiguration;
			buildSettings = {
				BUNDLE_LOADER = "$(TEST_HOST)";
				INFOPLIST_FILE = "五子棋Tests/Info.plist";
				LD_RUNPATH_SEARCH_PATHS = "$(inherited) @executable_path/Frameworks @loader_path/Frameworks";
				PRODUCT_BUNDLE_IDENTIFIER = "CD.---Tests";
				PRODUCT_NAME = "$(TARGET_NAME)";
				TEST_HOST = "$(BUILT_PRODUCTS_DIR)/五子棋.app/五子棋";
			};
			name = Debug;
		};
		E6E9F9FD1C86E92C006D4268 /* Release */ = {
			isa = XCBuildConfiguration;
			buildSettings = {
				BUNDLE_LOADER = "$(TEST_HOST)";
				INFOPLIST_FILE = "五子棋Tests/Info.plist";
				LD_RUNPATH_SEARCH_PATHS = "$(inherited) @executable_path/Frameworks @loader_path/Frameworks";
				PRODUCT_BUNDLE_IDENTIFIER = "CD.---Tests";
				PRODUCT_NAME = "$(TARGET_NAME)";
				TEST_HOST = "$(BUILT_PRODUCTS_DIR)/五子棋.app/五子棋";
			};
			name = Release;
		};
		E6E9F9FF1C86E92C006D4268 /* Debug */ = {
			isa = XCBuildConfiguration;
			buildSettings = {
				INFOPLIST_FILE = "五子棋UITests/Info.plist";
				LD_RUNPATH_SEARCH_PATHS = "$(inherited) @executable_path/Frameworks @loader_path/Frameworks";
				PRODUCT_BUNDLE_IDENTIFIER = "CD.---UITests";
				PRODUCT_NAME = "$(TARGET_NAME)";
				TEST_TARGET_NAME = "五子棋";
				USES_XCTRUNNER = YES;
			};
			name = Debug;
		};
		E6E9FA001C86E92C006D4268 /* Release */ = {
			isa = XCBuildConfiguration;
			buildSettings = {
				INFOPLIST_FILE = "五子棋UITests/Info.plist";
				LD_RUNPATH_SEARCH_PATHS = "$(inherited) @executable_path/Frameworks @loader_path/Frameworks";
				PRODUCT_BUNDLE_IDENTIFIER = "CD.---UITests";
				PRODUCT_NAME = "$(TARGET_NAME)";
				TEST_TARGET_NAME = "五子棋";
				USES_XCTRUNNER = YES;
			};
			name = Release;
		};
/* End XCBuildConfiguration section */

/* Begin XCConfigurationList section */
		E6E9F9C61C86E92C006D4268 /* Build configuration list for PBXProject "五子棋" */ = {
			isa = XCConfigurationList;
			buildConfigurations = (
				E6E9F9F61C86E92C006D4268 /* Debug */,
				E6E9F9F71C86E92C006D4268 /* Release */,
			);
			defaultConfigurationIsVisible = 0;
			defaultConfigurationName = Release;
		};
		E6E9F9F81C86E92C006D4268 /* Build configuration list for PBXNativeTarget "五子棋" */ = {
			isa = XCConfigurationList;
			buildConfigurations = (
				E6E9F9F91C86E92C006D4268 /* Debug */,
				E6E9F9FA1C86E92C006D4268 /* Release */,
			);
			defaultConfigurationIsVisible = 0;
			defaultConfigurationName = Release;
		};
		E6E9F9FB1C86E92C006D4268 /* Build configuration list for PBXNativeTarget "五子棋Tests" */ = {
			isa = XCConfigurationList;
			buildConfigurations = (
				E6E9F9FC1C86E92C006D4268 /* Debug */,
				E6E9F9FD1C86E92C006D4268 /* Release */,
			);
			defaultConfigurationIsVisible = 0;
			defaultConfigurationName = Release;
		};
		E6E9F9FE1C86E92C006D4268 /* Build configuration list for PBXNativeTarget "五子棋UITests" */ = {
			isa = XCConfigurationList;
			buildConfigurations = (
				E6E9F9FF1C86E92C006D4268 /* Debug */,
				E6E9FA001C86E92C006D4268 /* Release */,
			);
			defaultConfigurationIsVisible = 0;
			defaultConfigurationName = Release;
		};
/* End XCConfigurationList section */
	};
	rootObject = E6E9F9C31C86E92C006D4268 /* Project object */;
}
