PODS:
  - AFNetworking (3.2.1):
    - AFNetworking/NSURLSession (= 3.2.1)
    - AFNetworking/Reachability (= 3.2.1)
    - AFNetworking/Security (= 3.2.1)
    - AFNetworking/Serialization (= 3.2.1)
    - AFNetworking/UIKit (= 3.2.1)
  - AFNetworking/NSURLSession (3.2.1):
    - AFNetworking/Reachability
    - AFNetworking/Security
    - AFNetworking/Serialization
  - AFNetworking/Reachability (3.2.1)
  - AFNetworking/Security (3.2.1)
  - AFNetworking/Serialization (3.2.1)
  - AFNetworking/UIKit (3.2.1):
    - AFNetworking/NSURLSession
  - alertlib (0.1.0):
    - AFNetworking
    - SDWebImage
  - SDWebImage (5.0.1):
    - SDWebImage/Core (= 5.0.1)
  - SDWebImage/Core (5.0.1)

DEPENDENCIES:
  - AFNetworking
  - alertlib (from `../alert/alertlib`)
  - SDWebImage

SPEC REPOS:
  https://github.com/cocoapods/specs.git:
    - AFNetworking
    - SDWebImage

EXTERNAL SOURCES:
  alertlib:
    :path: "../alert/alertlib"

SPEC CHECKSUMS:
  AFNetworking: b6f891fdfaed196b46c7a83cf209e09697b94057
  alertlib: ad883a30b1ef82ef2fccf9ada5730b4539e16c01
  SDWebImage: 27dd2c9ea07a2252f94557c9fbb6105ee94b74c9

PODFILE CHECKSUM: 02d60508f70e3c9d21ee975df04150a2cdd16cbb

COCOAPODS: 1.6.1
